
Microsoft Visual Studio Solution File, Format Version 12.00
# Visual Studio 15
VisualStudioVersion = 15.0.28010.2050
MinimumVisualStudioVersion = 10.0.40219.1
Project("{9A19103F-16F7-4668-BE54-9A1E7A4F7556}") = "TflConsume.App", "TflConsume.App\TflConsume.App.csproj", "{899814C8-A868-4516-A600-506180BBCCDD}"
EndProject
Project("{FAE04EC0-301F-11D3-BF4B-00C04F79EFBC}") = "TflConsume.Services", "TflConsume.Services\TflConsume.Services.csproj", "{8BE338CB-28DE-43B4-81A2-5D93D188F998}"
EndProject
Project("{2150E333-8FDC-42A3-9474-1A3956D46DE8}") = "Testing", "Testing", "{33F930F9-D7A5-4442-8B2F-BC08BCEADF4B}"
EndProject
Project("{FAE04EC0-301F-11D3-BF4B-00C04F79EFBC}") = "TflConsume.Testing.Integration.Services", "TflConsume.Testing.Integration.Services\TflConsume.Testing.Integration.Services.csproj", "{00A5AD01-2502-4F69-997C-0585069360C1}"
EndProject
Project("{9A19103F-16F7-4668-BE54-9A1E7A4F7556}") = "TflConsume.Models", "TflConsume.Models\TflConsume.Models.csproj", "{51E50647-37ED-4C28-A9ED-91567A6C8E1A}"
EndProject
Global
	GlobalSection(SolutionConfigurationPlatforms) = preSolution
		Debug|Any CPU = Debug|Any CPU
		Release|Any CPU = Release|Any CPU
	EndGlobalSection
	GlobalSection(ProjectConfigurationPlatforms) = postSolution
		{899814C8-A868-4516-A600-506180BBCCDD}.Debug|Any CPU.ActiveCfg = Debug|Any CPU
		{899814C8-A868-4516-A600-506180BBCCDD}.Debug|Any CPU.Build.0 = Debug|Any CPU
		{899814C8-A868-4516-A600-506180BBCCDD}.Release|Any CPU.ActiveCfg = Release|Any CPU
		{899814C8-A868-4516-A600-506180BBCCDD}.Release|Any CPU.Build.0 = Release|Any CPU
		{8BE338CB-28DE-43B4-81A2-5D93D188F998}.Debug|Any CPU.ActiveCfg = Debug|Any CPU
		{8BE338CB-28DE-43B4-81A2-5D93D188F998}.Debug|Any CPU.Build.0 = Debug|Any CPU
		{8BE338CB-28DE-43B4-81A2-5D93D188F998}.Release|Any CPU.ActiveCfg = Release|Any CPU
		{8BE338CB-28DE-43B4-81A2-5D93D188F998}.Release|Any CPU.Build.0 = Release|Any CPU
		{00A5AD01-2502-4F69-997C-0585069360C1}.Debug|Any CPU.ActiveCfg = Debug|Any CPU
		{00A5AD01-2502-4F69-997C-0585069360C1}.Debug|Any CPU.Build.0 = Debug|Any CPU
		{00A5AD01-2502-4F69-997C-0585069360C1}.Release|Any CPU.ActiveCfg = Release|Any CPU
		{00A5AD01-2502-4F69-997C-0585069360C1}.Release|Any CPU.Build.0 = Release|Any CPU
		{51E50647-37ED-4C28-A9ED-91567A6C8E1A}.Debug|Any CPU.ActiveCfg = Debug|Any CPU
		{51E50647-37ED-4C28-A9ED-91567A6C8E1A}.Debug|Any CPU.Build.0 = Debug|Any CPU
		{51E50647-37ED-4C28-A9ED-91567A6C8E1A}.Release|Any CPU.ActiveCfg = Release|Any CPU
		{51E50647-37ED-4C28-A9ED-91567A6C8E1A}.Release|Any CPU.Build.0 = Release|Any CPU
	EndGlobalSection
	GlobalSection(SolutionProperties) = preSolution
		HideSolutionNode = FALSE
	EndGlobalSection
	GlobalSection(NestedProjects) = preSolution
		{00A5AD01-2502-4F69-997C-0585069360C1} = {33F930F9-D7A5-4442-8B2F-BC08BCEADF4B}
	EndGlobalSection
	GlobalSection(ExtensibilityGlobals) = postSolution
		SolutionGuid = {9CB1DD29-C976-4AC5-896E-CC3A735F6FA7}
	EndGlobalSection
EndGlobal
